<?xml version="1.0" encoding="utf-8"?>
<Project ToolsVersion="4.0" xmlns="http://schemas.microsoft.com/developer/msbuild/2003">
  <ItemGroup>
    <ClCompile Include="Abstractgame.cpp" />
    <ClCompile Include="AcidMonster.cpp" />
    <ClCompile Include="Animations.cpp" />
    <ClCompile Include="Block0.cpp" />
    <ClCompile Include="Block0WallJump.cpp" />
    <ClCompile Include="Camera.cpp" />
    <ClCompile Include="CollisionFuncs.cpp" />
    <ClCompile Include="Collisionhandler.cpp" />
    <ClCompile Include="Entity.cpp" />
    <ClCompile Include="Entityhandler.cpp" />
    <ClCompile Include="Factory.cpp" />
    <ClCompile Include="GameRun.cpp" />
    <ClCompile Include="GameState.cpp" />
    <ClCompile Include="LayerHandler.cpp" />
    <ClCompile Include="Level.cpp" />
    <ClCompile Include="LiviaSound.cpp" />
    <ClCompile Include="Main.cpp" />
    <ClCompile Include="GameLoop.cpp" />
    <ClCompile Include="MapEditMaploader.cpp" />
    <ClCompile Include="MapEditor.cpp" />
    <ClCompile Include="MapEditorMeny.cpp" />
    <ClCompile Include="MapGenerator.cpp" />
    <ClCompile Include="Player.cpp" />
    <ClCompile Include="SoundFactory.cpp" />
    <ClCompile Include="SoundFX.cpp" />
    <ClCompile Include="Terrain.cpp" />
    <ClCompile Include="Terrainhandler.cpp" />
    <ClCompile Include="Toolbox.cpp" />
    <ClCompile Include="Worm.cpp" />
    <ClCompile Include="WormSound.cpp" />
    <ClCompile Include="Stomach.cpp" />
    <ClCompile Include="Texthandler.cpp" />
  </ItemGroup>
  <ItemGroup>
    <ClInclude Include="Abstractgame.h" />
    <ClInclude Include="AcidMonster.h" />
    <ClInclude Include="Animations.h" />
    <ClInclude Include="Block0.h" />
    <ClInclude Include="Block0WallJump.h" />
    <ClInclude Include="Camera.h" />
    <ClInclude Include="CollisionFuncs.h" />
    <ClInclude Include="Collisionhandler.h" />
    <ClInclude Include="Entity.h" />
    <ClInclude Include="Entityhandler.h" />
    <ClInclude Include="Factory.h" />
    <ClInclude Include="GameLoop.h" />
    <ClInclude Include="GameRun.h" />
    <ClInclude Include="GameState.h" />
    <ClInclude Include="LayerHandler.h" />
    <ClInclude Include="Level.h" />
    <ClInclude Include="LiviaSound.h" />
    <ClInclude Include="MapEditMaploader.h" />
    <ClInclude Include="MapEditor.h" />
    <ClInclude Include="MapEditorMeny.h" />
    <ClInclude Include="MapGenerator.h" />
    <ClInclude Include="Player.h" />
    <ClInclude Include="SoundFactory.h" />
    <ClInclude Include="SoundFX.h" />
    <ClInclude Include="Terrain.h" />
    <ClInclude Include="Terrainhandler.h" />
    <ClInclude Include="Toolbox.h" />
    <ClInclude Include="Worm.h" />
    <ClInclude Include="WormSound.h" />
    <ClInclude Include="Stomach.h" />
    <ClInclude Include="Texthandler.h" />
  </ItemGroup>
</Project>